
Microsoft Visual Studio Solution File, Format Version 12.00
# Visual Studio Version 16
VisualStudioVersion = 16.0.31624.102
MinimumVisualStudioVersion = 10.0.40219.1
Project("{FAE04EC0-301F-11D3-BF4B-00C04F79EFBC}") = "SG_MKP_API", "SG_MKP_API.csproj", "{BED5A2C0-6627-4088-98E0-89EA73DC94DA}"
EndProject
Global
	GlobalSection(SolutionConfigurationPlatforms) = preSolution
		Debug|Any CPU = Debug|Any CPU
		Release|Any CPU = Release|Any CPU
	EndGlobalSection
	GlobalSection(ProjectConfigurationPlatforms) = postSolution
		{BED5A2C0-6627-4088-98E0-89EA73DC94DA}.Debug|Any CPU.ActiveCfg = Debug|Any CPU
		{BED5A2C0-6627-4088-98E0-89EA73DC94DA}.Debug|Any CPU.Build.0 = Debug|Any CPU
		{BED5A2C0-6627-4088-98E0-89EA73DC94DA}.Release|Any CPU.ActiveCfg = Release|Any CPU
		{BED5A2C0-6627-4088-98E0-89EA73DC94DA}.Release|Any CPU.Build.0 = Release|Any CPU
	EndGlobalSection
	GlobalSection(SolutionProperties) = preSolution
		HideSolutionNode = FALSE
	EndGlobalSection
	GlobalSection(ExtensibilityGlobals) = postSolution
		SolutionGuid = {B3EBA5D3-23C9-401C-A26C-A7BCAAE6A4A0}
	EndGlobalSection
EndGlobal
